{
  "version": 4,
  "terraform_version": "1.14.3",
  "serial": 19,
  "lineage": "102ec3bb-9dd0-ffb3-6131-666261ca432e",
  "outputs": {},
  "resources": [
    {
      "mode": "data",
      "type": "google_compute_network",
      "name": "my-network",
      "provider": "provider[\"registry.terraform.io/hashicorp/google\"]",
      "instances": [
        {
          "schema_version": 0,
          "attributes": {
            "description": "",
            "gateway_ipv4": "",
            "id": "projects/olas-485615/global/networks/vpc-network",
            "internal_ipv6_range": "",
            "name": "vpc-network",
            "network_id": 8355984960512107604,
            "network_profile": "",
            "numeric_id": "8355984960512107604",
            "project": null,
            "self_link": "https://www.googleapis.com/compute/v1/projects/olas-485615/global/networks/vpc-network",
            "subnetworks_self_links": [
              "https://www.googleapis.com/compute/v1/projects/olas-485615/regions/europe-west12/subnetworks/subnetwork"
            ]
          },
          "sensitive_attributes": [],
          "identity_schema_version": 0
        }
      ]
    },
    {
      "mode": "managed",
      "type": "google_compute_global_address",
      "name": "private_ip_address",
      "provider": "provider[\"registry.terraform.io/hashicorp/google\"]",
      "instances": [
        {
          "schema_version": 0,
          "attributes": {
            "address": "10.35.0.0",
            "address_type": "INTERNAL",
            "creation_timestamp": "2026-01-28T02:32:48.466-08:00",
            "description": "",
            "effective_labels": {
              "goog-terraform-provisioned": "true"
            },
            "id": "projects/olas-485615/global/addresses/private-ip-address",
            "ip_version": "",
            "label_fingerprint": "vezUS-42LLM=",
            "labels": {},
            "name": "private-ip-address",
            "network": "https://www.googleapis.com/compute/v1/projects/olas-485615/global/networks/vpc-network",
            "prefix_length": 16,
            "project": "olas-485615",
            "purpose": "VPC_PEERING",
            "self_link": "https://www.googleapis.com/compute/v1/projects/olas-485615/global/addresses/private-ip-address",
            "terraform_labels": {
              "goog-terraform-provisioned": "true"
            },
            "timeouts": null
          },
          "sensitive_attributes": [],
          "identity_schema_version": 0,
          "private": "eyJlMmJmYjczMC1lY2FhLTExZTYtOGY4OC0zNDM2M2JjN2M0YzAiOnsiY3JlYXRlIjoxMjAwMDAwMDAwMDAwLCJkZWxldGUiOjEyMDAwMDAwMDAwMDAsInVwZGF0ZSI6MTIwMDAwMDAwMDAwMH19",
          "dependencies": [
            "data.google_compute_network.my-network"
          ]
        }
      ]
    },
    {
      "mode": "managed",
      "type": "google_service_networking_connection",
      "name": "private_vpc_connection",
      "provider": "provider[\"registry.terraform.io/hashicorp/google\"]",
      "instances": [
        {
          "schema_version": 0,
          "attributes": {
            "deletion_policy": null,
            "id": "projects%2Folas-485615%2Fglobal%2Fnetworks%2Fvpc-network:servicenetworking.googleapis.com",
            "network": "projects/olas-485615/global/networks/vpc-network",
            "peering": "servicenetworking-googleapis-com",
            "reserved_peering_ranges": [
              "private-ip-address"
            ],
            "service": "servicenetworking.googleapis.com",
            "timeouts": null,
            "update_on_creation_fail": null
          },
          "sensitive_attributes": [],
          "identity_schema_version": 0,
          "private": "eyJlMmJmYjczMC1lY2FhLTExZTYtOGY4OC0zNDM2M2JjN2M0YzAiOnsiY3JlYXRlIjo2MDAwMDAwMDAwMDAsImRlbGV0ZSI6NjAwMDAwMDAwMDAwLCJ1cGRhdGUiOjYwMDAwMDAwMDAwMH19",
          "dependencies": [
            "data.google_compute_network.my-network",
            "google_compute_global_address.private_ip_address"
          ]
        }
      ]
    }
  ],
  "check_results": null
}
